
Microsoft Visual Studio Solution File, Format Version 12.00
# Visual Studio Version 17
VisualStudioVersion = 17.2.32616.157
MinimumVisualStudioVersion = 10.0.40219.1
Project("{FAE04EC0-301F-11D3-BF4B-00C04F79EFBC}") = "Dicionario", "Dicionario\Dicionario.csproj", "{725E6C93-92D5-4760-A018-A057B0721504}"
EndProject
Global
	GlobalSection(SolutionConfigurationPlatforms) = preSolution
		Debug|Any CPU = Debug|Any CPU
		Release|Any CPU = Release|Any CPU
	EndGlobalSection
	GlobalSection(ProjectConfigurationPlatforms) = postSolution
		{725E6C93-92D5-4760-A018-A057B0721504}.Debug|Any CPU.ActiveCfg = Debug|Any CPU
		{725E6C93-92D5-4760-A018-A057B0721504}.Debug|Any CPU.Build.0 = Debug|Any CPU
		{725E6C93-92D5-4760-A018-A057B0721504}.Release|Any CPU.ActiveCfg = Release|Any CPU
		{725E6C93-92D5-4760-A018-A057B0721504}.Release|Any CPU.Build.0 = Release|Any CPU
	EndGlobalSection
	GlobalSection(SolutionProperties) = preSolution
		HideSolutionNode = FALSE
	EndGlobalSection
	GlobalSection(ExtensibilityGlobals) = postSolution
		SolutionGuid = {F6F664E2-284B-483F-8644-08A55B0B248F}
	EndGlobalSection
EndGlobal
